// !$*UTF8*$!
{
	archiveVersion = 1;
	classes = {
	};
	objectVersion = 46;
	objects = {

/* Begin PBXBuildFile section */
		2305F9D91C3EBB38009FF083 /* MainViewBuilder.m in Sources */ = {isa = PBXBuildFile; fileRef = 2305F9D81C3EBB38009FF083 /* MainViewBuilder.m */; };
		232D5E231BEB34060026C62E /* InputViewViewController.m in Sources */ = {isa = PBXBuildFile; fileRef = 232D5E221BEB34060026C62E /* InputViewViewController.m */; };
		232D5ECD1BF8D1560026C62E /* HPTextViewTapGestureRecognizer.m in Sources */ = {isa = PBXBuildFile; fileRef = 232D5ECC1BF8D1560026C62E /* HPTextViewTapGestureRecognizer.m */; };
		23351E0A1C1FA3EA00BB54FB /* DinnerUtility.m in Sources */ = {isa = PBXBuildFile; fileRef = 23351E091C1FA3EA00BB54FB /* DinnerUtility.m */; };
		2347DD731C6781B5009ECC4C /* SearchAndLoadViewController.swift in Sources */ = {isa = PBXBuildFile; fileRef = 2347DD721C6781B5009ECC4C /* SearchAndLoadViewController.swift */; };
		2347DD7B1C6783A7009ECC4C /* DGElasticPullToRefreshConstants.swift in Sources */ = {isa = PBXBuildFile; fileRef = 2347DD761C6783A7009ECC4C /* DGElasticPullToRefreshConstants.swift */; };
		2347DD7C1C6783A7009ECC4C /* DGElasticPullToRefreshExtensions.swift in Sources */ = {isa = PBXBuildFile; fileRef = 2347DD771C6783A7009ECC4C /* DGElasticPullToRefreshExtensions.swift */; };
		2347DD7D1C6783A7009ECC4C /* DGElasticPullToRefreshLoadingView.swift in Sources */ = {isa = PBXBuildFile; fileRef = 2347DD781C6783A7009ECC4C /* DGElasticPullToRefreshLoadingView.swift */; };
		2347DD7E1C6783A7009ECC4C /* DGElasticPullToRefreshLoadingViewCircle.swift in Sources */ = {isa = PBXBuildFile; fileRef = 2347DD791C6783A7009ECC4C /* DGElasticPullToRefreshLoadingViewCircle.swift */; };
		2347DD7F1C6783A7009ECC4C /* DGElasticPullToRefreshView.swift in Sources */ = {isa = PBXBuildFile; fileRef = 2347DD7A1C6783A7009ECC4C /* DGElasticPullToRefreshView.swift */; };
		2347DD811C6899A1009ECC4C /* OLNGradientView.swift in Sources */ = {isa = PBXBuildFile; fileRef = 2347DD801C6899A1009ECC4C /* OLNGradientView.swift */; };
		235BB65D1C0B302A00398B81 /* DataBaseManager.m in Sources */ = {isa = PBXBuildFile; fileRef = 235BB65C1C0B302A00398B81 /* DataBaseManager.m */; };
		236FC9C11C72FF9600F9E191 /* SettingInfoViewController.swift in Sources */ = {isa = PBXBuildFile; fileRef = 236FC9C01C72FF9600F9E191 /* SettingInfoViewController.swift */; };
		237035741C47AF0E008CC6EE /* CoreText.framework in Frameworks */ = {isa = PBXBuildFile; fileRef = 237035731C47AF0E008CC6EE /* CoreText.framework */; };
		237821BF1C76D676007A2A69 /* SettingCell.swift in Sources */ = {isa = PBXBuildFile; fileRef = 237821BD1C76D676007A2A69 /* SettingCell.swift */; };
		237821C01C76D676007A2A69 /* SettingCell.xib in Resources */ = {isa = PBXBuildFile; fileRef = 237821BE1C76D676007A2A69 /* SettingCell.xib */; };
		2394121A1C0F4930001B9B07 /* DinnerDay.m in Sources */ = {isa = PBXBuildFile; fileRef = 239412191C0F4930001B9B07 /* DinnerDay.m */; };
		2394121E1C0F4A83001B9B07 /* ThumbnailDao.m in Sources */ = {isa = PBXBuildFile; fileRef = 2394121D1C0F4A83001B9B07 /* ThumbnailDao.m */; };
		239412221C0F52EF001B9B07 /* Thumbnail.m in Sources */ = {isa = PBXBuildFile; fileRef = 239412211C0F52EF001B9B07 /* Thumbnail.m */; };
		239412261C10B26D001B9B07 /* ContainerScollView.m in Sources */ = {isa = PBXBuildFile; fileRef = 239412251C10B26D001B9B07 /* ContainerScollView.m */; };
		239412291C10B408001B9B07 /* ScrollViewManager.m in Sources */ = {isa = PBXBuildFile; fileRef = 239412281C10B408001B9B07 /* ScrollViewManager.m */; };
		23961CD11C587E1300F8EF64 /* FeedCell.xib in Resources */ = {isa = PBXBuildFile; fileRef = 23961CD01C587E1300F8EF64 /* FeedCell.xib */; };
		23961CD61C5887BC00F8EF64 /* FeedCell.m in Sources */ = {isa = PBXBuildFile; fileRef = 23961CD51C5887BC00F8EF64 /* FeedCell.m */; };
		23AABD431C6CE9F700C7F06A /* DinnerAppearance.swift in Sources */ = {isa = PBXBuildFile; fileRef = 23AABD421C6CE9F700C7F06A /* DinnerAppearance.swift */; };
		23AE9E021BE74B5A00E7E4CB /* main.m in Sources */ = {isa = PBXBuildFile; fileRef = 23AE9E011BE74B5A00E7E4CB /* main.m */; };
		23AE9E051BE74B5A00E7E4CB /* AppDelegate.m in Sources */ = {isa = PBXBuildFile; fileRef = 23AE9E041BE74B5A00E7E4CB /* AppDelegate.m */; };
		23AE9E0B1BE74B5A00E7E4CB /* Main.storyboard in Resources */ = {isa = PBXBuildFile; fileRef = 23AE9E091BE74B5A00E7E4CB /* Main.storyboard */; };
		23AE9E0E1BE74B5A00E7E4CB /* dayBday.xcdatamodeld in Sources */ = {isa = PBXBuildFile; fileRef = 23AE9E0C1BE74B5A00E7E4CB /* dayBday.xcdatamodeld */; };
		23AE9E101BE74B5A00E7E4CB /* Assets.xcassets in Resources */ = {isa = PBXBuildFile; fileRef = 23AE9E0F1BE74B5A00E7E4CB /* Assets.xcassets */; };
		23AE9E131BE74B5A00E7E4CB /* LaunchScreen.storyboard in Resources */ = {isa = PBXBuildFile; fileRef = 23AE9E111BE74B5A00E7E4CB /* LaunchScreen.storyboard */; };
		23AE9E1E1BE74B5A00E7E4CB /* dayBdayTests.m in Sources */ = {isa = PBXBuildFile; fileRef = 23AE9E1D1BE74B5A00E7E4CB /* dayBdayTests.m */; };
		23AE9E291BE74B5B00E7E4CB /* dayBdayUITests.m in Sources */ = {isa = PBXBuildFile; fileRef = 23AE9E281BE74B5B00E7E4CB /* dayBdayUITests.m */; };
		23AE9E551BE74C5200E7E4CB /* basic.ics in Resources */ = {isa = PBXBuildFile; fileRef = 23AE9E381BE74C5200E7E4CB /* basic.ics */; };
		23AE9E561BE74C5200E7E4CB /* eventlist.ics in Resources */ = {isa = PBXBuildFile; fileRef = 23AE9E391BE74C5200E7E4CB /* eventlist.ics */; };
		23AE9E571BE74C5200E7E4CB /* gazette.ics in Resources */ = {isa = PBXBuildFile; fileRef = 23AE9E3A1BE74C5200E7E4CB /* gazette.ics */; };
		23AE9E581BE74C5200E7E4CB /* JTCalendar.m in Sources */ = {isa = PBXBuildFile; fileRef = 23AE9E3D1BE74C5200E7E4CB /* JTCalendar.m */; };
		23AE9E591BE74C5200E7E4CB /* JTCalendarAppearance.m in Sources */ = {isa = PBXBuildFile; fileRef = 23AE9E3F1BE74C5200E7E4CB /* JTCalendarAppearance.m */; };
		23AE9E5A1BE74C5200E7E4CB /* JTCalendarContentView.m in Sources */ = {isa = PBXBuildFile; fileRef = 23AE9E411BE74C5200E7E4CB /* JTCalendarContentView.m */; };
		23AE9E5B1BE74C5200E7E4CB /* JTCalendarDataCache.m in Sources */ = {isa = PBXBuildFile; fileRef = 23AE9E431BE74C5200E7E4CB /* JTCalendarDataCache.m */; };
		23AE9E5C1BE74C5200E7E4CB /* JTCalendarDayView.m in Sources */ = {isa = PBXBuildFile; fileRef = 23AE9E451BE74C5200E7E4CB /* JTCalendarDayView.m */; };
		23AE9E5D1BE74C5200E7E4CB /* JTCalendarMenuMonthView.m in Sources */ = {isa = PBXBuildFile; fileRef = 23AE9E471BE74C5200E7E4CB /* JTCalendarMenuMonthView.m */; };
		23AE9E5E1BE74C5200E7E4CB /* JTCalendarMenuView.m in Sources */ = {isa = PBXBuildFile; fileRef = 23AE9E491BE74C5200E7E4CB /* JTCalendarMenuView.m */; };
		23AE9E5F1BE74C5200E7E4CB /* JTCalendarMonthView.m in Sources */ = {isa = PBXBuildFile; fileRef = 23AE9E4B1BE74C5200E7E4CB /* JTCalendarMonthView.m */; };
		23AE9E601BE74C5200E7E4CB /* JTCalendarMonthWeekDaysView.m in Sources */ = {isa = PBXBuildFile; fileRef = 23AE9E4D1BE74C5200E7E4CB /* JTCalendarMonthWeekDaysView.m */; };
		23AE9E611BE74C5200E7E4CB /* JTCalendarWeekView.m in Sources */ = {isa = PBXBuildFile; fileRef = 23AE9E501BE74C5200E7E4CB /* JTCalendarWeekView.m */; };
		23AE9E621BE74C5200E7E4CB /* JTCircleView.m in Sources */ = {isa = PBXBuildFile; fileRef = 23AE9E521BE74C5200E7E4CB /* JTCircleView.m */; };
		23AE9E631BE74C5200E7E4CB /* MBProgressHUD.m in Sources */ = {isa = PBXBuildFile; fileRef = 23AE9E541BE74C5200E7E4CB /* MBProgressHUD.m */; };
		23AE9E661BE74C6700E7E4CB /* DayBDayViewController.m in Sources */ = {isa = PBXBuildFile; fileRef = 23AE9E651BE74C6700E7E4CB /* DayBDayViewController.m */; };
		23AE9E6A1BE87A5000E7E4CB /* BottomContainerView.m in Sources */ = {isa = PBXBuildFile; fileRef = 23AE9E691BE87A5000E7E4CB /* BottomContainerView.m */; };
		23C01E611C0201E30002ACCA /* DinnerDao.m in Sources */ = {isa = PBXBuildFile; fileRef = 23C01E5F1C0201E30002ACCA /* DinnerDao.m */; };
		23C01E641C02020E0002ACCA /* DataBaseAccessObject.m in Sources */ = {isa = PBXBuildFile; fileRef = 23C01E631C02020E0002ACCA /* DataBaseAccessObject.m */; };
		23C01E671C0202990002ACCA /* CheckBoxsDao.m in Sources */ = {isa = PBXBuildFile; fileRef = 23C01E661C0202990002ACCA /* CheckBoxsDao.m */; };
		23C01E6A1C0203B40002ACCA /* ImagesDao.m in Sources */ = {isa = PBXBuildFile; fileRef = 23C01E691C0203B40002ACCA /* ImagesDao.m */; };
		23F1F9C01BFF779A00479DC5 /* SqlConnection.m in Sources */ = {isa = PBXBuildFile; fileRef = 23F1F9BF1BFF779A00479DC5 /* SqlConnection.m */; };
		23F1F9C21BFF7BA300479DC5 /* libsqlite3.0.tbd in Frameworks */ = {isa = PBXBuildFile; fileRef = 23F1F9C11BFF7BA300479DC5 /* libsqlite3.0.tbd */; };
		23F711C71C0571B300B202B1 /* DinnerObjDao.m in Sources */ = {isa = PBXBuildFile; fileRef = 23F711C61C0571B300B202B1 /* DinnerObjDao.m */; };
		23F711D71C05FAEB00B202B1 /* CheckBox.m in Sources */ = {isa = PBXBuildFile; fileRef = 23F711D51C05FAEB00B202B1 /* CheckBox.m */; };
		23F711DA1C05FB0300B202B1 /* TransferAble.m in Sources */ = {isa = PBXBuildFile; fileRef = 23F711D91C05FB0300B202B1 /* TransferAble.m */; };
/* End PBXBuildFile section */

/* Begin PBXContainerItemProxy section */
		23AE9E1A1BE74B5A00E7E4CB /* PBXContainerItemProxy */ = {
			isa = PBXContainerItemProxy;
			containerPortal = 23AE9DF51BE74B5A00E7E4CB /* Project object */;
			proxyType = 1;
			remoteGlobalIDString = 23AE9DFC1BE74B5A00E7E4CB;
			remoteInfo = dayBday;
		};
		23AE9E251BE74B5B00E7E4CB /* PBXContainerItemProxy */ = {
			isa = PBXContainerItemProxy;
			containerPortal = 23AE9DF51BE74B5A00E7E4CB /* Project object */;
			proxyType = 1;
			remoteGlobalIDString = 23AE9DFC1BE74B5A00E7E4CB;
			remoteInfo = dayBday;
		};
/* End PBXContainerItemProxy section */

/* Begin PBXFileReference section */
		2305F9D71C3EBB38009FF083 /* MainViewBuilder.h */ = {isa = PBXFileReference; fileEncoding = 4; lastKnownFileType = sourcecode.c.h; path = MainViewBuilder.h; sourceTree = "<group>"; };
		2305F9D81C3EBB38009FF083 /* MainViewBuilder.m */ = {isa = PBXFileReference; fileEncoding = 4; lastKnownFileType = sourcecode.c.objc; path = MainViewBuilder.m; sourceTree = "<group>"; };
		232D5E211BEB34060026C62E /* InputViewViewController.h */ = {isa = PBXFileReference; fileEncoding = 4; lastKnownFileType = sourcecode.c.h; path = InputViewViewController.h; sourceTree = "<group>"; };
		232D5E221BEB34060026C62E /* InputViewViewController.m */ = {isa = PBXFileReference; fileEncoding = 4; lastKnownFileType = sourcecode.c.objc; path = InputViewViewController.m; sourceTree = "<group>"; };
		232D5ECB1BF8D1560026C62E /* HPTextViewTapGestureRecognizer.h */ = {isa = PBXFileReference; fileEncoding = 4; lastKnownFileType = sourcecode.c.h; path = HPTextViewTapGestureRecognizer.h; sourceTree = "<group>"; };
		232D5ECC1BF8D1560026C62E /* HPTextViewTapGestureRecognizer.m */ = {isa = PBXFileReference; fileEncoding = 4; lastKnownFileType = sourcecode.c.objc; path = HPTextViewTapGestureRecognizer.m; sourceTree = "<group>"; };
		23351E081C1FA3EA00BB54FB /* DinnerUtility.h */ = {isa = PBXFileReference; fileEncoding = 4; lastKnownFileType = sourcecode.c.h; path = DinnerUtility.h; sourceTree = "<group>"; };
		23351E091C1FA3EA00BB54FB /* DinnerUtility.m */ = {isa = PBXFileReference; fileEncoding = 4; lastKnownFileType = sourcecode.c.objc; path = DinnerUtility.m; sourceTree = "<group>"; };
		2347DD721C6781B5009ECC4C /* SearchAndLoadViewController.swift */ = {isa = PBXFileReference; fileEncoding = 4; lastKnownFileType = sourcecode.swift; name = SearchAndLoadViewController.swift; path = ../SearchAndLoadViewController.swift; sourceTree = "<group>"; };
		2347DD741C678202009ECC4C /* dayBday-Bridging-Header.h */ = {isa = PBXFileReference; fileEncoding = 4; lastKnownFileType = sourcecode.c.h; path = "dayBday-Bridging-Header.h"; sourceTree = "<group>"; };
		2347DD761C6783A7009ECC4C /* DGElasticPullToRefreshConstants.swift */ = {isa = PBXFileReference; fileEncoding = 4; lastKnownFileType = sourcecode.swift; path = DGElasticPullToRefreshConstants.swift; sourceTree = "<group>"; };
		2347DD771C6783A7009ECC4C /* DGElasticPullToRefreshExtensions.swift */ = {isa = PBXFileReference; fileEncoding = 4; lastKnownFileType = sourcecode.swift; path = DGElasticPullToRefreshExtensions.swift; sourceTree = "<group>"; };
		2347DD781C6783A7009ECC4C /* DGElasticPullToRefreshLoadingView.swift */ = {isa = PBXFileReference; fileEncoding = 4; lastKnownFileType = sourcecode.swift; path = DGElasticPullToRefreshLoadingView.swift; sourceTree = "<group>"; };
		2347DD791C6783A7009ECC4C /* DGElasticPullToRefreshLoadingViewCircle.swift */ = {isa = PBXFileReference; fileEncoding = 4; lastKnownFileType = sourcecode.swift; path = DGElasticPullToRefreshLoadingViewCircle.swift; sourceTree = "<group>"; };
		2347DD7A1C6783A7009ECC4C /* DGElasticPullToRefreshView.swift */ = {isa = PBXFileReference; fileEncoding = 4; lastKnownFileType = sourcecode.swift; path = DGElasticPullToRefreshView.swift; sourceTree = "<group>"; };
		2347DD801C6899A1009ECC4C /* OLNGradientView.swift */ = {isa = PBXFileReference; fileEncoding = 4; lastKnownFileType = sourcecode.swift; path = OLNGradientView.swift; sourceTree = "<group>"; };
		235BB65B1C0B302A00398B81 /* DataBaseManager.h */ = {isa = PBXFileReference; fileEncoding = 4; lastKnownFileType = sourcecode.c.h; path = DataBaseManager.h; sourceTree = "<group>"; };
		235BB65C1C0B302A00398B81 /* DataBaseManager.m */ = {isa = PBXFileReference; fileEncoding = 4; lastKnownFileType = sourcecode.c.objc; path = DataBaseManager.m; sourceTree = "<group>"; };
		236FC9C01C72FF9600F9E191 /* SettingInfoViewController.swift */ = {isa = PBXFileReference; fileEncoding = 4; lastKnownFileType = sourcecode.swift; path = SettingInfoViewController.swift; sourceTree = "<group>"; };
		237035731C47AF0E008CC6EE /* CoreText.framework */ = {isa = PBXFileReference; lastKnownFileType = wrapper.framework; name = CoreText.framework; path = System/Library/Frameworks/CoreText.framework; sourceTree = SDKROOT; };
		237821BD1C76D676007A2A69 /* SettingCell.swift */ = {isa = PBXFileReference; fileEncoding = 4; lastKnownFileType = sourcecode.swift; path = SettingCell.swift; sourceTree = "<group>"; };
		237821BE1C76D676007A2A69 /* SettingCell.xib */ = {isa = PBXFileReference; fileEncoding = 4; lastKnownFileType = file.xib; path = SettingCell.xib; sourceTree = "<group>"; };
		239412181C0F4930001B9B07 /* DinnerDay.h */ = {isa = PBXFileReference; fileEncoding = 4; lastKnownFileType = sourcecode.c.h; path = DinnerDay.h; sourceTree = "<group>"; };
		239412191C0F4930001B9B07 /* DinnerDay.m */ = {isa = PBXFileReference; fileEncoding = 4; lastKnownFileType = sourcecode.c.objc; path = DinnerDay.m; sourceTree = "<group>"; };
		2394121C1C0F4A83001B9B07 /* ThumbnailDao.h */ = {isa = PBXFileReference; fileEncoding = 4; lastKnownFileType = sourcecode.c.h; path = ThumbnailDao.h; sourceTree = "<group>"; };
		2394121D1C0F4A83001B9B07 /* ThumbnailDao.m */ = {isa = PBXFileReference; fileEncoding = 4; lastKnownFileType = sourcecode.c.objc; path = ThumbnailDao.m; sourceTree = "<group>"; };
		239412201C0F52EF001B9B07 /* Thumbnail.h */ = {isa = PBXFileReference; fileEncoding = 4; lastKnownFileType = sourcecode.c.h; path = Thumbnail.h; sourceTree = "<group>"; };
		239412211C0F52EF001B9B07 /* Thumbnail.m */ = {isa = PBXFileReference; fileEncoding = 4; lastKnownFileType = sourcecode.c.objc; path = Thumbnail.m; sourceTree = "<group>"; };
		239412241C10B26D001B9B07 /* ContainerScollView.h */ = {isa = PBXFileReference; fileEncoding = 4; lastKnownFileType = sourcecode.c.h; path = ContainerScollView.h; sourceTree = "<group>"; };
		239412251C10B26D001B9B07 /* ContainerScollView.m */ = {isa = PBXFileReference; fileEncoding = 4; lastKnownFileType = sourcecode.c.objc; path = ContainerScollView.m; sourceTree = "<group>"; };
		239412271C10B408001B9B07 /* ScrollViewManager.h */ = {isa = PBXFileReference; fileEncoding = 4; lastKnownFileType = sourcecode.c.h; path = ScrollViewManager.h; sourceTree = "<group>"; };
		239412281C10B408001B9B07 /* ScrollViewManager.m */ = {isa = PBXFileReference; fileEncoding = 4; lastKnownFileType = sourcecode.c.objc; path = ScrollViewManager.m; sourceTree = "<group>"; };
		23961CD01C587E1300F8EF64 /* FeedCell.xib */ = {isa = PBXFileReference; fileEncoding = 4; lastKnownFileType = file.xib; path = FeedCell.xib; sourceTree = "<group>"; };
		23961CD41C5887BC00F8EF64 /* FeedCell.h */ = {isa = PBXFileReference; fileEncoding = 4; lastKnownFileType = sourcecode.c.h; path = FeedCell.h; sourceTree = "<group>"; };
		23961CD51C5887BC00F8EF64 /* FeedCell.m */ = {isa = PBXFileReference; fileEncoding = 4; lastKnownFileType = sourcecode.c.objc; path = FeedCell.m; sourceTree = "<group>"; };
		23AABD421C6CE9F700C7F06A /* DinnerAppearance.swift */ = {isa = PBXFileReference; fileEncoding = 4; lastKnownFileType = sourcecode.swift; path = DinnerAppearance.swift; sourceTree = "<group>"; };
		23AE9DFD1BE74B5A00E7E4CB /* dayBday.app */ = {isa = PBXFileReference; explicitFileType = wrapper.application; includeInIndex = 0; path = dayBday.app; sourceTree = BUILT_PRODUCTS_DIR; };
		23AE9E011BE74B5A00E7E4CB /* main.m */ = {isa = PBXFileReference; lastKnownFileType = sourcecode.c.objc; path = main.m; sourceTree = "<group>"; };
		23AE9E031BE74B5A00E7E4CB /* AppDelegate.h */ = {isa = PBXFileReference; lastKnownFileType = sourcecode.c.h; path = AppDelegate.h; sourceTree = "<group>"; };
		23AE9E041BE74B5A00E7E4CB /* AppDelegate.m */ = {isa = PBXFileReference; lastKnownFileType = sourcecode.c.objc; path = AppDelegate.m; sourceTree = "<group>"; };
		23AE9E0A1BE74B5A00E7E4CB /* Base */ = {isa = PBXFileReference; lastKnownFileType = file.storyboard; name = Base; path = Base.lproj/Main.storyboard; sourceTree = "<group>"; };
		23AE9E0D1BE74B5A00E7E4CB /* dayBday.xcdatamodel */ = {isa = PBXFileReference; lastKnownFileType = wrapper.xcdatamodel; path = dayBday.xcdatamodel; sourceTree = "<group>"; };
		23AE9E0F1BE74B5A00E7E4CB /* Assets.xcassets */ = {isa = PBXFileReference; lastKnownFileType = folder.assetcatalog; path = Assets.xcassets; sourceTree = "<group>"; };
		23AE9E121BE74B5A00E7E4CB /* Base */ = {isa = PBXFileReference; lastKnownFileType = file.storyboard; name = Base; path = Base.lproj/LaunchScreen.storyboard; sourceTree = "<group>"; };
		23AE9E141BE74B5A00E7E4CB /* Info.plist */ = {isa = PBXFileReference; lastKnownFileType = text.plist.xml; path = Info.plist; sourceTree = "<group>"; };
		23AE9E191BE74B5A00E7E4CB /* dayBdayTests.xctest */ = {isa = PBXFileReference; explicitFileType = wrapper.cfbundle; includeInIndex = 0; path = dayBdayTests.xctest; sourceTree = BUILT_PRODUCTS_DIR; };
		23AE9E1D1BE74B5A00E7E4CB /* dayBdayTests.m */ = {isa = PBXFileReference; lastKnownFileType = sourcecode.c.objc; path = dayBdayTests.m; sourceTree = "<group>"; };
		23AE9E1F1BE74B5B00E7E4CB /* Info.plist */ = {isa = PBXFileReference; lastKnownFileType = text.plist.xml; path = Info.plist; sourceTree = "<group>"; };
		23AE9E241BE74B5B00E7E4CB /* dayBdayUITests.xctest */ = {isa = PBXFileReference; explicitFileType = wrapper.cfbundle; includeInIndex = 0; path = dayBdayUITests.xctest; sourceTree = BUILT_PRODUCTS_DIR; };
		23AE9E281BE74B5B00E7E4CB /* dayBdayUITests.m */ = {isa = PBXFileReference; lastKnownFileType = sourcecode.c.objc; path = dayBdayUITests.m; sourceTree = "<group>"; };
		23AE9E2A1BE74B5B00E7E4CB /* Info.plist */ = {isa = PBXFileReference; lastKnownFileType = text.plist.xml; path = Info.plist; sourceTree = "<group>"; };
		23AE9E381BE74C5200E7E4CB /* basic.ics */ = {isa = PBXFileReference; fileEncoding = 4; lastKnownFileType = text; path = basic.ics; sourceTree = "<group>"; };
		23AE9E391BE74C5200E7E4CB /* eventlist.ics */ = {isa = PBXFileReference; fileEncoding = 4; lastKnownFileType = text; path = eventlist.ics; sourceTree = "<group>"; };
		23AE9E3A1BE74C5200E7E4CB /* gazette.ics */ = {isa = PBXFileReference; fileEncoding = 4; lastKnownFileType = text; path = gazette.ics; sourceTree = "<group>"; };
		23AE9E3C1BE74C5200E7E4CB /* JTCalendar.h */ = {isa = PBXFileReference; fileEncoding = 4; lastKnownFileType = sourcecode.c.h; path = JTCalendar.h; sourceTree = "<group>"; };
		23AE9E3D1BE74C5200E7E4CB /* JTCalendar.m */ = {isa = PBXFileReference; fileEncoding = 4; lastKnownFileType = sourcecode.c.objc; path = JTCalendar.m; sourceTree = "<group>"; };
		23AE9E3E1BE74C5200E7E4CB /* JTCalendarAppearance.h */ = {isa = PBXFileReference; fileEncoding = 4; lastKnownFileType = sourcecode.c.h; path = JTCalendarAppearance.h; sourceTree = "<group>"; };
		23AE9E3F1BE74C5200E7E4CB /* JTCalendarAppearance.m */ = {isa = PBXFileReference; fileEncoding = 4; lastKnownFileType = sourcecode.c.objc; path = JTCalendarAppearance.m; sourceTree = "<group>"; };
		23AE9E401BE74C5200E7E4CB /* JTCalendarContentView.h */ = {isa = PBXFileReference; fileEncoding = 4; lastKnownFileType = sourcecode.c.h; path = JTCalendarContentView.h; sourceTree = "<group>"; };
		23AE9E411BE74C5200E7E4CB /* JTCalendarContentView.m */ = {isa = PBXFileReference; fileEncoding = 4; lastKnownFileType = sourcecode.c.objc; path = JTCalendarContentView.m; sourceTree = "<group>"; };
		23AE9E421BE74C5200E7E4CB /* JTCalendarDataCache.h */ = {isa = PBXFileReference; fileEncoding = 4; lastKnownFileType = sourcecode.c.h; path = JTCalendarDataCache.h; sourceTree = "<group>"; };
		23AE9E431BE74C5200E7E4CB /* JTCalendarDataCache.m */ = {isa = PBXFileReference; fileEncoding = 4; lastKnownFileType = sourcecode.c.objc; path = JTCalendarDataCache.m; sourceTree = "<group>"; };
		23AE9E441BE74C5200E7E4CB /* JTCalendarDayView.h */ = {isa = PBXFileReference; fileEncoding = 4; lastKnownFileType = sourcecode.c.h; path = JTCalendarDayView.h; sourceTree = "<group>"; };
		23AE9E451BE74C5200E7E4CB /* JTCalendarDayView.m */ = {isa = PBXFileReference; fileEncoding = 4; lastKnownFileType = sourcecode.c.objc; path = JTCalendarDayView.m; sourceTree = "<group>"; };
		23AE9E461BE74C5200E7E4CB /* JTCalendarMenuMonthView.h */ = {isa = PBXFileReference; fileEncoding = 4; lastKnownFileType = sourcecode.c.h; path = JTCalendarMenuMonthView.h; sourceTree = "<group>"; };
		23AE9E471BE74C5200E7E4CB /* JTCalendarMenuMonthView.m */ = {isa = PBXFileReference; fileEncoding = 4; lastKnownFileType = sourcecode.c.objc; path = JTCalendarMenuMonthView.m; sourceTree = "<group>"; };
		23AE9E481BE74C5200E7E4CB /* JTCalendarMenuView.h */ = {isa = PBXFileReference; fileEncoding = 4; lastKnownFileType = sourcecode.c.h; path = JTCalendarMenuView.h; sourceTree = "<group>"; };
		23AE9E491BE74C5200E7E4CB /* JTCalendarMenuView.m */ = {isa = PBXFileReference; fileEncoding = 4; lastKnownFileType = sourcecode.c.objc; path = JTCalendarMenuView.m; sourceTree = "<group>"; };
		23AE9E4A1BE74C5200E7E4CB /* JTCalendarMonthView.h */ = {isa = PBXFileReference; fileEncoding = 4; lastKnownFileType = sourcecode.c.h; path = JTCalendarMonthView.h; sourceTree = "<group>"; };
		23AE9E4B1BE74C5200E7E4CB /* JTCalendarMonthView.m */ = {isa = PBXFileReference; fileEncoding = 4; lastKnownFileType = sourcecode.c.objc; path = JTCalendarMonthView.m; sourceTree = "<group>"; };
		23AE9E4C1BE74C5200E7E4CB /* JTCalendarMonthWeekDaysView.h */ = {isa = PBXFileReference; fileEncoding = 4; lastKnownFileType = sourcecode.c.h; path = JTCalendarMonthWeekDaysView.h; sourceTree = "<group>"; };
		23AE9E4D1BE74C5200E7E4CB /* JTCalendarMonthWeekDaysView.m */ = {isa = PBXFileReference; fileEncoding = 4; lastKnownFileType = sourcecode.c.objc; path = JTCalendarMonthWeekDaysView.m; sourceTree = "<group>"; };
		23AE9E4E1BE74C5200E7E4CB /* JTCalendarViewDataSource.h */ = {isa = PBXFileReference; fileEncoding = 4; lastKnownFileType = sourcecode.c.h; path = JTCalendarViewDataSource.h; sourceTree = "<group>"; };
		23AE9E4F1BE74C5200E7E4CB /* JTCalendarWeekView.h */ = {isa = PBXFileReference; fileEncoding = 4; lastKnownFileType = sourcecode.c.h; path = JTCalendarWeekView.h; sourceTree = "<group>"; };
		23AE9E501BE74C5200E7E4CB /* JTCalendarWeekView.m */ = {isa = PBXFileReference; fileEncoding = 4; lastKnownFileType = sourcecode.c.objc; path = JTCalendarWeekView.m; sourceTree = "<group>"; };
		23AE9E511BE74C5200E7E4CB /* JTCircleView.h */ = {isa = PBXFileReference; fileEncoding = 4; lastKnownFileType = sourcecode.c.h; path = JTCircleView.h; sourceTree = "<group>"; };
		23AE9E521BE74C5200E7E4CB /* JTCircleView.m */ = {isa = PBXFileReference; fileEncoding = 4; lastKnownFileType = sourcecode.c.objc; path = JTCircleView.m; sourceTree = "<group>"; };
		23AE9E531BE74C5200E7E4CB /* MBProgressHUD.h */ = {isa = PBXFileReference; fileEncoding = 4; lastKnownFileType = sourcecode.c.h; path = MBProgressHUD.h; sourceTree = "<group>"; };
		23AE9E541BE74C5200E7E4CB /* MBProgressHUD.m */ = {isa = PBXFileReference; fileEncoding = 4; lastKnownFileType = sourcecode.c.objc; path = MBProgressHUD.m; sourceTree = "<group>"; };
		23AE9E641BE74C6700E7E4CB /* DayBDayViewController.h */ = {isa = PBXFileReference; fileEncoding = 4; lastKnownFileType = sourcecode.c.h; path = DayBDayViewController.h; sourceTree = "<group>"; };
		23AE9E651BE74C6700E7E4CB /* DayBDayViewController.m */ = {isa = PBXFileReference; fileEncoding = 4; lastKnownFileType = sourcecode.c.objc; path = DayBDayViewController.m; sourceTree = "<group>"; };
		23AE9E681BE87A5000E7E4CB /* BottomContainerView.h */ = {isa = PBXFileReference; fileEncoding = 4; lastKnownFileType = sourcecode.c.h; path = BottomContainerView.h; sourceTree = "<group>"; };
		23AE9E691BE87A5000E7E4CB /* BottomContainerView.m */ = {isa = PBXFileReference; fileEncoding = 4; lastKnownFileType = sourcecode.c.objc; path = BottomContainerView.m; sourceTree = "<group>"; };
		23C01E5E1C0201E30002ACCA /* DinnerDao.h */ = {isa = PBXFileReference; fileEncoding = 4; lastKnownFileType = sourcecode.c.h; path = DinnerDao.h; sourceTree = "<group>"; };
		23C01E5F1C0201E30002ACCA /* DinnerDao.m */ = {isa = PBXFileReference; fileEncoding = 4; lastKnownFileType = sourcecode.c.objc; path = DinnerDao.m; sourceTree = "<group>"; };
		23C01E621C02020E0002ACCA /* DataBaseAccessObject.h */ = {isa = PBXFileReference; fileEncoding = 4; lastKnownFileType = sourcecode.c.h; path = DataBaseAccessObject.h; sourceTree = "<group>"; };
		23C01E631C02020E0002ACCA /* DataBaseAccessObject.m */ = {isa = PBXFileReference; fileEncoding = 4; lastKnownFileType = sourcecode.c.objc; path = DataBaseAccessObject.m; sourceTree = "<group>"; };
		23C01E651C0202990002ACCA /* CheckBoxsDao.h */ = {isa = PBXFileReference; fileEncoding = 4; lastKnownFileType = sourcecode.c.h; path = CheckBoxsDao.h; sourceTree = "<group>"; };
		23C01E661C0202990002ACCA /* CheckBoxsDao.m */ = {isa = PBXFileReference; fileEncoding = 4; lastKnownFileType = sourcecode.c.objc; path = CheckBoxsDao.m; sourceTree = "<group>"; };
		23C01E681C0203B40002ACCA /* ImagesDao.h */ = {isa = PBXFileReference; fileEncoding = 4; lastKnownFileType = sourcecode.c.h; path = ImagesDao.h; sourceTree = "<group>"; };
		23C01E691C0203B40002ACCA /* ImagesDao.m */ = {isa = PBXFileReference; fileEncoding = 4; lastKnownFileType = sourcecode.c.objc; path = ImagesDao.m; sourceTree = "<group>"; };
		23F1F9BE1BFF779A00479DC5 /* SqlConnection.h */ = {isa = PBXFileReference; fileEncoding = 4; lastKnownFileType = sourcecode.c.h; path = SqlConnection.h; sourceTree = "<group>"; };
		23F1F9BF1BFF779A00479DC5 /* SqlConnection.m */ = {isa = PBXFileReference; fileEncoding = 4; lastKnownFileType = sourcecode.c.objc; path = SqlConnection.m; sourceTree = "<group>"; };
		23F1F9C11BFF7BA300479DC5 /* libsqlite3.0.tbd */ = {isa = PBXFileReference; lastKnownFileType = "sourcecode.text-based-dylib-definition"; name = libsqlite3.0.tbd; path = usr/lib/libsqlite3.0.tbd; sourceTree = SDKROOT; };
		23F711C51C0571B300B202B1 /* DinnerObjDao.h */ = {isa = PBXFileReference; fileEncoding = 4; lastKnownFileType = sourcecode.c.h; path = DinnerObjDao.h; sourceTree = "<group>"; };
		23F711C61C0571B300B202B1 /* DinnerObjDao.m */ = {isa = PBXFileReference; fileEncoding = 4; lastKnownFileType = sourcecode.c.objc; path = DinnerObjDao.m; sourceTree = "<group>"; };
		23F711D41C05FAEB00B202B1 /* CheckBox.h */ = {isa = PBXFileReference; fileEncoding = 4; lastKnownFileType = sourcecode.c.h; path = CheckBox.h; sourceTree = "<group>"; };
		23F711D51C05FAEB00B202B1 /* CheckBox.m */ = {isa = PBXFileReference; fileEncoding = 4; lastKnownFileType = sourcecode.c.objc; path = CheckBox.m; sourceTree = "<group>"; };
		23F711D81C05FB0300B202B1 /* TransferAble.h */ = {isa = PBXFileReference; fileEncoding = 4; lastKnownFileType = sourcecode.c.h; path = TransferAble.h; sourceTree = "<group>"; };
		23F711D91C05FB0300B202B1 /* TransferAble.m */ = {isa = PBXFileReference; fileEncoding = 4; lastKnownFileType = sourcecode.c.objc; path = TransferAble.m; sourceTree = "<group>"; };
/* End PBXFileReference section */

/* Begin PBXFrameworksBuildPhase section */
		23AE9DFA1BE74B5A00E7E4CB /* Frameworks */ = {
			isa = PBXFrameworksBuildPhase;
			buildActionMask = 2147483647;
			files = (
				237035741C47AF0E008CC6EE /* CoreText.framework in Frameworks */,
				23F1F9C21BFF7BA300479DC5 /* libsqlite3.0.tbd in Frameworks */,
			);
			runOnlyForDeploymentPostprocessing = 0;
		};
		23AE9E161BE74B5A00E7E4CB /* Frameworks */ = {
			isa = PBXFrameworksBuildPhase;
			buildActionMask = 2147483647;
			files = (
			);
			runOnlyForDeploymentPostprocessing = 0;
		};
		23AE9E211BE74B5B00E7E4CB /* Frameworks */ = {
			isa = PBXFrameworksBuildPhase;
			buildActionMask = 2147483647;
			files = (
			);
			runOnlyForDeploymentPostprocessing = 0;
		};
/* End PBXFrameworksBuildPhase section */

/* Begin PBXGroup section */
		232D5E201BEB33FB0026C62E /* InputViewController */ = {
			isa = PBXGroup;
			children = (
				232D5E211BEB34060026C62E /* InputViewViewController.h */,
				232D5E221BEB34060026C62E /* InputViewViewController.m */,
			);
			path = InputViewController;
			sourceTree = "<group>";
		};
		232D5E9E1BF74F3F0026C62E /* Model */ = {
			isa = PBXGroup;
			children = (
				235BB65A1C0B301E00398B81 /* DataBaseManager */,
				23F711CF1C05FA9200B202B1 /* DTO */,
				23F1F9C31C0045CF00479DC5 /* DAO */,
				23F1F9BD1BFF73F100479DC5 /* SqlConnection */,
			);
			path = Model;
			sourceTree = "<group>";
		};
		232D5ECA1BF8D1560026C62E /* HPTextViewTapGestureRecognizer */ = {
			isa = PBXGroup;
			children = (
				232D5ECB1BF8D1560026C62E /* HPTextViewTapGestureRecognizer.h */,
				232D5ECC1BF8D1560026C62E /* HPTextViewTapGestureRecognizer.m */,
			);
			path = HPTextViewTapGestureRecognizer;
			sourceTree = "<group>";
		};
		23351E071C1FA3EA00BB54FB /* Utility */ = {
			isa = PBXGroup;
			children = (
				23351E081C1FA3EA00BB54FB /* DinnerUtility.h */,
				23351E091C1FA3EA00BB54FB /* DinnerUtility.m */,
			);
			path = Utility;
			sourceTree = "<group>";
		};
		2347DD751C6783A7009ECC4C /* DGElasticPullToRefresh */ = {
			isa = PBXGroup;
			children = (
				2347DD761C6783A7009ECC4C /* DGElasticPullToRefreshConstants.swift */,
				2347DD771C6783A7009ECC4C /* DGElasticPullToRefreshExtensions.swift */,
				2347DD781C6783A7009ECC4C /* DGElasticPullToRefreshLoadingView.swift */,
				2347DD791C6783A7009ECC4C /* DGElasticPullToRefreshLoadingViewCircle.swift */,
				2347DD7A1C6783A7009ECC4C /* DGElasticPullToRefreshView.swift */,
			);
			path = DGElasticPullToRefresh;
			sourceTree = "<group>";
		};
		235BB65A1C0B301E00398B81 /* DataBaseManager */ = {
			isa = PBXGroup;
			children = (
				235BB65B1C0B302A00398B81 /* DataBaseManager.h */,
				235BB65C1C0B302A00398B81 /* DataBaseManager.m */,
			);
			path = DataBaseManager;
			sourceTree = "<group>";
		};
		236FC9BB1C72F65B00F9E191 /* SettingViewController */ = {
			isa = PBXGroup;
			children = (
				236FC9C01C72FF9600F9E191 /* SettingInfoViewController.swift */,
				237821BD1C76D676007A2A69 /* SettingCell.swift */,
				237821BE1C76D676007A2A69 /* SettingCell.xib */,
			);
			path = SettingViewController;
			sourceTree = "<group>";
		};
		239412171C0F4917001B9B07 /* DinnerDay */ = {
			isa = PBXGroup;
			children = (
				239412181C0F4930001B9B07 /* DinnerDay.h */,
				239412191C0F4930001B9B07 /* DinnerDay.m */,
			);
			name = DinnerDay;
			path = Dinner;
			sourceTree = "<group>";
		};
		2394121B1C0F4A70001B9B07 /* Thumbnail */ = {
			isa = PBXGroup;
			children = (
				2394121C1C0F4A83001B9B07 /* ThumbnailDao.h */,
				2394121D1C0F4A83001B9B07 /* ThumbnailDao.m */,
			);
			path = Thumbnail;
			sourceTree = "<group>";
		};
		2394121F1C0F52D7001B9B07 /* Thumbnail */ = {
			isa = PBXGroup;
			children = (
				239412201C0F52EF001B9B07 /* Thumbnail.h */,
				239412211C0F52EF001B9B07 /* Thumbnail.m */,
			);
			path = Thumbnail;
			sourceTree = "<group>";
		};
		239412231C10B256001B9B07 /* ContainerScollView */ = {
			isa = PBXGroup;
			children = (
				239412241C10B26D001B9B07 /* ContainerScollView.h */,
				239412251C10B26D001B9B07 /* ContainerScollView.m */,
			);
			path = ContainerScollView;
			sourceTree = "<group>";
		};
		23961CCB1C58566900F8EF64 /* SearchViewController */ = {
			isa = PBXGroup;
			children = (
				2347DD721C6781B5009ECC4C /* SearchAndLoadViewController.swift */,
				23961CCF1C587DE000F8EF64 /* CustomCell */,
			);
			path = SearchViewController;
			sourceTree = "<group>";
		};
		23961CCF1C587DE000F8EF64 /* CustomCell */ = {
			isa = PBXGroup;
			children = (
				23961CD01C587E1300F8EF64 /* FeedCell.xib */,
				23961CD41C5887BC00F8EF64 /* FeedCell.h */,
				23961CD51C5887BC00F8EF64 /* FeedCell.m */,
			);
			path = CustomCell;
			sourceTree = "<group>";
		};
		23AE9DF41BE74B5A00E7E4CB = {
			isa = PBXGroup;
			children = (
				237035731C47AF0E008CC6EE /* CoreText.framework */,
				23AE9DFF1BE74B5A00E7E4CB /* dayBday */,
				23AE9E1C1BE74B5A00E7E4CB /* dayBdayTests */,
				23AE9E271BE74B5B00E7E4CB /* dayBdayUITests */,
				23AE9DFE1BE74B5A00E7E4CB /* Products */,
				23F1F9C11BFF7BA300479DC5 /* libsqlite3.0.tbd */,
			);
			sourceTree = "<group>";
		};
		23AE9DFE1BE74B5A00E7E4CB /* Products */ = {
			isa = PBXGroup;
			children = (
				23AE9DFD1BE74B5A00E7E4CB /* dayBday.app */,
				23AE9E191BE74B5A00E7E4CB /* dayBdayTests.xctest */,
				23AE9E241BE74B5B00E7E4CB /* dayBdayUITests.xctest */,
			);
			name = Products;
			sourceTree = "<group>";
		};
		23AE9DFF1BE74B5A00E7E4CB /* dayBday */ = {
			isa = PBXGroup;
			children = (
				232D5E9E1BF74F3F0026C62E /* Model */,
				23AE9E671BE87A3A00E7E4CB /* Resource */,
				23AE9E371BE74C5200E7E4CB /* Library */,
				23AE9E361BE74C4D00E7E4CB /* ViewController */,
				23AE9E031BE74B5A00E7E4CB /* AppDelegate.h */,
				23AE9E041BE74B5A00E7E4CB /* AppDelegate.m */,
				23AE9E091BE74B5A00E7E4CB /* Main.storyboard */,
				23AE9E0F1BE74B5A00E7E4CB /* Assets.xcassets */,
				23AE9E111BE74B5A00E7E4CB /* LaunchScreen.storyboard */,
				23AE9E141BE74B5A00E7E4CB /* Info.plist */,
				23AE9E0C1BE74B5A00E7E4CB /* dayBday.xcdatamodeld */,
				23AE9E001BE74B5A00E7E4CB /* Supporting Files */,
			);
			path = dayBday;
			sourceTree = "<group>";
		};
		23AE9E001BE74B5A00E7E4CB /* Supporting Files */ = {
			isa = PBXGroup;
			children = (
				23AE9E011BE74B5A00E7E4CB /* main.m */,
			);
			name = "Supporting Files";
			sourceTree = "<group>";
		};
		23AE9E1C1BE74B5A00E7E4CB /* dayBdayTests */ = {
			isa = PBXGroup;
			children = (
				23AE9E1D1BE74B5A00E7E4CB /* dayBdayTests.m */,
				23AE9E1F1BE74B5B00E7E4CB /* Info.plist */,
			);
			path = dayBdayTests;
			sourceTree = "<group>";
		};
		23AE9E271BE74B5B00E7E4CB /* dayBdayUITests */ = {
			isa = PBXGroup;
			children = (
				23AE9E281BE74B5B00E7E4CB /* dayBdayUITests.m */,
				23AE9E2A1BE74B5B00E7E4CB /* Info.plist */,
			);
			path = dayBdayUITests;
			sourceTree = "<group>";
		};
		23AE9E361BE74C4D00E7E4CB /* ViewController */ = {
			isa = PBXGroup;
			children = (
				236FC9BB1C72F65B00F9E191 /* SettingViewController */,
				23961CCB1C58566900F8EF64 /* SearchViewController */,
				232D5E201BEB33FB0026C62E /* InputViewController */,
				23AE9E641BE74C6700E7E4CB /* DayBDayViewController.h */,
				23AE9E651BE74C6700E7E4CB /* DayBDayViewController.m */,
				2347DD741C678202009ECC4C /* dayBday-Bridging-Header.h */,
			);
			path = ViewController;
			sourceTree = "<group>";
		};
		23AE9E371BE74C5200E7E4CB /* Library */ = {
			isa = PBXGroup;
			children = (
				2347DD801C6899A1009ECC4C /* OLNGradientView.swift */,
				2347DD751C6783A7009ECC4C /* DGElasticPullToRefresh */,
				23AE9E381BE74C5200E7E4CB /* basic.ics */,
				23AE9E391BE74C5200E7E4CB /* eventlist.ics */,
				23AE9E3A1BE74C5200E7E4CB /* gazette.ics */,
				23AE9E3B1BE74C5200E7E4CB /* JTCalendar */,
				23AE9E531BE74C5200E7E4CB /* MBProgressHUD.h */,
				23AE9E541BE74C5200E7E4CB /* MBProgressHUD.m */,
			);
			path = Library;
			sourceTree = "<group>";
		};
		23AE9E3B1BE74C5200E7E4CB /* JTCalendar */ = {
			isa = PBXGroup;
			children = (
				23AE9E3C1BE74C5200E7E4CB /* JTCalendar.h */,
				23AE9E3D1BE74C5200E7E4CB /* JTCalendar.m */,
				23AE9E3E1BE74C5200E7E4CB /* JTCalendarAppearance.h */,
				23AE9E3F1BE74C5200E7E4CB /* JTCalendarAppearance.m */,
				23AE9E401BE74C5200E7E4CB /* JTCalendarContentView.h */,
				23AE9E411BE74C5200E7E4CB /* JTCalendarContentView.m */,
				23AE9E421BE74C5200E7E4CB /* JTCalendarDataCache.h */,
				23AE9E431BE74C5200E7E4CB /* JTCalendarDataCache.m */,
				23AE9E441BE74C5200E7E4CB /* JTCalendarDayView.h */,
				23AE9E451BE74C5200E7E4CB /* JTCalendarDayView.m */,
				23AE9E461BE74C5200E7E4CB /* JTCalendarMenuMonthView.h */,
				23AE9E471BE74C5200E7E4CB /* JTCalendarMenuMonthView.m */,
				23AE9E481BE74C5200E7E4CB /* JTCalendarMenuView.h */,
				23AE9E491BE74C5200E7E4CB /* JTCalendarMenuView.m */,
				23AE9E4A1BE74C5200E7E4CB /* JTCalendarMonthView.h */,
				23AE9E4B1BE74C5200E7E4CB /* JTCalendarMonthView.m */,
				23AE9E4C1BE74C5200E7E4CB /* JTCalendarMonthWeekDaysView.h */,
				23AE9E4D1BE74C5200E7E4CB /* JTCalendarMonthWeekDaysView.m */,
				23AE9E4E1BE74C5200E7E4CB /* JTCalendarViewDataSource.h */,
				23AE9E4F1BE74C5200E7E4CB /* JTCalendarWeekView.h */,
				23AE9E501BE74C5200E7E4CB /* JTCalendarWeekView.m */,
				23AE9E511BE74C5200E7E4CB /* JTCircleView.h */,
				23AE9E521BE74C5200E7E4CB /* JTCircleView.m */,
			);
			path = JTCalendar;
			sourceTree = "<group>";
		};
		23AE9E671BE87A3A00E7E4CB /* Resource */ = {
			isa = PBXGroup;
			children = (
				23351E071C1FA3EA00BB54FB /* Utility */,
				239412231C10B256001B9B07 /* ContainerScollView */,
				232D5ECA1BF8D1560026C62E /* HPTextViewTapGestureRecognizer */,
				23AE9E681BE87A5000E7E4CB /* BottomContainerView.h */,
				23AE9E691BE87A5000E7E4CB /* BottomContainerView.m */,
				239412271C10B408001B9B07 /* ScrollViewManager.h */,
				239412281C10B408001B9B07 /* ScrollViewManager.m */,
				2305F9D71C3EBB38009FF083 /* MainViewBuilder.h */,
				2305F9D81C3EBB38009FF083 /* MainViewBuilder.m */,
				23AABD421C6CE9F700C7F06A /* DinnerAppearance.swift */,
			);
			path = Resource;
			sourceTree = "<group>";
		};
		23C01E5B1C0201E30002ACCA /* CheckBoxsDao */ = {
			isa = PBXGroup;
			children = (
				23C01E651C0202990002ACCA /* CheckBoxsDao.h */,
				23C01E661C0202990002ACCA /* CheckBoxsDao.m */,
			);
			path = CheckBoxsDao;
			sourceTree = "<group>";
		};
		23C01E5C1C0201E30002ACCA /* DataBaseAccessObject */ = {
			isa = PBXGroup;
			children = (
				23C01E621C02020E0002ACCA /* DataBaseAccessObject.h */,
				23C01E631C02020E0002ACCA /* DataBaseAccessObject.m */,
			);
			path = DataBaseAccessObject;
			sourceTree = "<group>";
		};
		23C01E5D1C0201E30002ACCA /* DinnerDao */ = {
			isa = PBXGroup;
			children = (
				23C01E5E1C0201E30002ACCA /* DinnerDao.h */,
				23C01E5F1C0201E30002ACCA /* DinnerDao.m */,
			);
			path = DinnerDao;
			sourceTree = "<group>";
		};
		23C01E601C0201E30002ACCA /* ImagesDao */ = {
			isa = PBXGroup;
			children = (
				23C01E681C0203B40002ACCA /* ImagesDao.h */,
				23C01E691C0203B40002ACCA /* ImagesDao.m */,
			);
			path = ImagesDao;
			sourceTree = "<group>";
		};
		23F1F9BD1BFF73F100479DC5 /* SqlConnection */ = {
			isa = PBXGroup;
			children = (
				23F1F9BE1BFF779A00479DC5 /* SqlConnection.h */,
				23F1F9BF1BFF779A00479DC5 /* SqlConnection.m */,
			);
			path = SqlConnection;
			sourceTree = "<group>";
		};
		23F1F9C31C0045CF00479DC5 /* DAO */ = {
			isa = PBXGroup;
			children = (
				2394121B1C0F4A70001B9B07 /* Thumbnail */,
				23F711C41C0571B300B202B1 /* DinnerObjDao */,
				23C01E5C1C0201E30002ACCA /* DataBaseAccessObject */,
				23C01E5B1C0201E30002ACCA /* CheckBoxsDao */,
				23C01E5D1C0201E30002ACCA /* DinnerDao */,
				23C01E601C0201E30002ACCA /* ImagesDao */,
			);
			path = DAO;
			sourceTree = "<group>";
		};
		23F711C41C0571B300B202B1 /* DinnerObjDao */ = {
			isa = PBXGroup;
			children = (
				23F711C51C0571B300B202B1 /* DinnerObjDao.h */,
				23F711C61C0571B300B202B1 /* DinnerObjDao.m */,
			);
			path = DinnerObjDao;
			sourceTree = "<group>";
		};
		23F711CF1C05FA9200B202B1 /* DTO */ = {
			isa = PBXGroup;
			children = (
				2394121F1C0F52D7001B9B07 /* Thumbnail */,
				239412171C0F4917001B9B07 /* DinnerDay */,
				23F711D31C05FAEB00B202B1 /* CheckBox */,
				23F711D61C05FAEB00B202B1 /* TransferAble */,
			);
			path = DTO;
			sourceTree = "<group>";
		};
		23F711D31C05FAEB00B202B1 /* CheckBox */ = {
			isa = PBXGroup;
			children = (
				23F711D41C05FAEB00B202B1 /* CheckBox.h */,
				23F711D51C05FAEB00B202B1 /* CheckBox.m */,
			);
			path = CheckBox;
			sourceTree = "<group>";
		};
		23F711D61C05FAEB00B202B1 /* TransferAble */ = {
			isa = PBXGroup;
			children = (
				23F711D81C05FB0300B202B1 /* TransferAble.h */,
				23F711D91C05FB0300B202B1 /* TransferAble.m */,
			);
			path = TransferAble;
			sourceTree = "<group>";
		};
/* End PBXGroup section */

/* Begin PBXNativeTarget section */
		23AE9DFC1BE74B5A00E7E4CB /* dayBday */ = {
			isa = PBXNativeTarget;
			buildConfigurationList = 23AE9E2D1BE74B5B00E7E4CB /* Build configuration list for PBXNativeTarget "dayBday" */;
			buildPhases = (
				23AE9DF91BE74B5A00E7E4CB /* Sources */,
				23AE9DFA1BE74B5A00E7E4CB /* Frameworks */,
				23AE9DFB1BE74B5A00E7E4CB /* Resources */,
			);
			buildRules = (
			);
			dependencies = (
			);
			name = dayBday;
			productName = dayBday;
			productReference = 23AE9DFD1BE74B5A00E7E4CB /* dayBday.app */;
			productType = "com.apple.product-type.application";
		};
		23AE9E181BE74B5A00E7E4CB /* dayBdayTests */ = {
			isa = PBXNativeTarget;
			buildConfigurationList = 23AE9E301BE74B5B00E7E4CB /* Build configuration list for PBXNativeTarget "dayBdayTests" */;
			buildPhases = (
				23AE9E151BE74B5A00E7E4CB /* Sources */,
				23AE9E161BE74B5A00E7E4CB /* Frameworks */,
				23AE9E171BE74B5A00E7E4CB /* Resources */,
			);
			buildRules = (
			);
			dependencies = (
				23AE9E1B1BE74B5A00E7E4CB /* PBXTargetDependency */,
			);
			name = dayBdayTests;
			productName = dayBdayTests;
			productReference = 23AE9E191BE74B5A00E7E4CB /* dayBdayTests.xctest */;
			productType = "com.apple.product-type.bundle.unit-test";
		};
		23AE9E231BE74B5B00E7E4CB /* dayBdayUITests */ = {
			isa = PBXNativeTarget;
			buildConfigurationList = 23AE9E331BE74B5B00E7E4CB /* Build configuration list for PBXNativeTarget "dayBdayUITests" */;
			buildPhases = (
				23AE9E201BE74B5B00E7E4CB /* Sources */,
				23AE9E211BE74B5B00E7E4CB /* Frameworks */,
				23AE9E221BE74B5B00E7E4CB /* Resources */,
			);
			buildRules = (
			);
			dependencies = (
				23AE9E261BE74B5B00E7E4CB /* PBXTargetDependency */,
			);
			name = dayBdayUITests;
			productName = dayBdayUITests;
			productReference = 23AE9E241BE74B5B00E7E4CB /* dayBdayUITests.xctest */;
			productType = "com.apple.product-type.bundle.ui-testing";
		};
/* End PBXNativeTarget section */

/* Begin PBXProject section */
		23AE9DF51BE74B5A00E7E4CB /* Project object */ = {
			isa = PBXProject;
			attributes = {
				LastSwiftUpdateCheck = 0720;
				LastUpgradeCheck = 0710;
				ORGANIZATIONNAME = LeeYoseob;
				TargetAttributes = {
					23AE9DFC1BE74B5A00E7E4CB = {
						CreatedOnToolsVersion = 7.1;
						DevelopmentTeam = 725A3BQPW9;
					};
					23AE9E181BE74B5A00E7E4CB = {
						CreatedOnToolsVersion = 7.1;
						TestTargetID = 23AE9DFC1BE74B5A00E7E4CB;
					};
					23AE9E231BE74B5B00E7E4CB = {
						CreatedOnToolsVersion = 7.1;
						TestTargetID = 23AE9DFC1BE74B5A00E7E4CB;
					};
				};
			};
			buildConfigurationList = 23AE9DF81BE74B5A00E7E4CB /* Build configuration list for PBXProject "dayBday" */;
			compatibilityVersion = "Xcode 3.2";
			developmentRegion = English;
			hasScannedForEncodings = 0;
			knownRegions = (
				en,
				Base,
			);
			mainGroup = 23AE9DF41BE74B5A00E7E4CB;
			productRefGroup = 23AE9DFE1BE74B5A00E7E4CB /* Products */;
			projectDirPath = "";
			projectRoot = "";
			targets = (
				23AE9DFC1BE74B5A00E7E4CB /* dayBday */,
				23AE9E181BE74B5A00E7E4CB /* dayBdayTests */,
				23AE9E231BE74B5B00E7E4CB /* dayBdayUITests */,
			);
		};
/* End PBXProject section */

/* Begin PBXResourcesBuildPhase section */
		23AE9DFB1BE74B5A00E7E4CB /* Resources */ = {
			isa = PBXResourcesBuildPhase;
			buildActionMask = 2147483647;
			files = (
				23AE9E551BE74C5200E7E4CB /* basic.ics in Resources */,
				23AE9E131BE74B5A00E7E4CB /* LaunchScreen.storyboard in Resources */,
				23AE9E561BE74C5200E7E4CB /* eventlist.ics in Resources */,
				23AE9E101BE74B5A00E7E4CB /* Assets.xcassets in Resources */,
				23AE9E571BE74C5200E7E4CB /* gazette.ics in Resources */,
				23AE9E0B1BE74B5A00E7E4CB /* Main.storyboard in Resources */,
				237821C01C76D676007A2A69 /* SettingCell.xib in Resources */,
				23961CD11C587E1300F8EF64 /* FeedCell.xib in Resources */,
			);
			runOnlyForDeploymentPostprocessing = 0;
		};
		23AE9E171BE74B5A00E7E4CB /* Resources */ = {
			isa = PBXResourcesBuildPhase;
			buildActionMask = 2147483647;
			files = (
			);
			runOnlyForDeploymentPostprocessing = 0;
		};
		23AE9E221BE74B5B00E7E4CB /* Resources */ = {
			isa = PBXResourcesBuildPhase;
			buildActionMask = 2147483647;
			files = (
			);
			runOnlyForDeploymentPostprocessing = 0;
		};
/* End PBXResourcesBuildPhase section */

/* Begin PBXSourcesBuildPhase section */
		23AE9DF91BE74B5A00E7E4CB /* Sources */ = {
			isa = PBXSourcesBuildPhase;
			buildActionMask = 2147483647;
			files = (
				23AE9E6A1BE87A5000E7E4CB /* BottomContainerView.m in Sources */,
				239412261C10B26D001B9B07 /* ContainerScollView.m in Sources */,
				2347DD7E1C6783A7009ECC4C /* DGElasticPullToRefreshLoadingViewCircle.swift in Sources */,
				23AABD431C6CE9F700C7F06A /* DinnerAppearance.swift in Sources */,
				23AE9E5A1BE74C5200E7E4CB /* JTCalendarContentView.m in Sources */,
				23F1F9C01BFF779A00479DC5 /* SqlConnection.m in Sources */,
				23AE9E5F1BE74C5200E7E4CB /* JTCalendarMonthView.m in Sources */,
				2394121E1C0F4A83001B9B07 /* ThumbnailDao.m in Sources */,
				2394121A1C0F4930001B9B07 /* DinnerDay.m in Sources */,
				2305F9D91C3EBB38009FF083 /* MainViewBuilder.m in Sources */,
				2347DD7D1C6783A7009ECC4C /* DGElasticPullToRefreshLoadingView.swift in Sources */,
				2347DD7F1C6783A7009ECC4C /* DGElasticPullToRefreshView.swift in Sources */,
				23C01E641C02020E0002ACCA /* DataBaseAccessObject.m in Sources */,
				2347DD7C1C6783A7009ECC4C /* DGElasticPullToRefreshExtensions.swift in Sources */,
				23961CD61C5887BC00F8EF64 /* FeedCell.m in Sources */,
				232D5ECD1BF8D1560026C62E /* HPTextViewTapGestureRecognizer.m in Sources */,
				23AE9E5B1BE74C5200E7E4CB /* JTCalendarDataCache.m in Sources */,
				23AE9E611BE74C5200E7E4CB /* JTCalendarWeekView.m in Sources */,
				239412291C10B408001B9B07 /* ScrollViewManager.m in Sources */,
				236FC9C11C72FF9600F9E191 /* SettingInfoViewController.swift in Sources */,
				239412221C0F52EF001B9B07 /* Thumbnail.m in Sources */,
				23AE9E051BE74B5A00E7E4CB /* AppDelegate.m in Sources */,
				23F711D71C05FAEB00B202B1 /* CheckBox.m in Sources */,
				23AE9E5D1BE74C5200E7E4CB /* JTCalendarMenuMonthView.m in Sources */,
				23AE9E0E1BE74B5A00E7E4CB /* dayBday.xcdatamodeld in Sources */,
				23AE9E631BE74C5200E7E4CB /* MBProgressHUD.m in Sources */,
				23AE9E601BE74C5200E7E4CB /* JTCalendarMonthWeekDaysView.m in Sources */,
				23F711DA1C05FB0300B202B1 /* TransferAble.m in Sources */,
				23AE9E5E1BE74C5200E7E4CB /* JTCalendarMenuView.m in Sources */,
				23C01E6A1C0203B40002ACCA /* ImagesDao.m in Sources */,
				23AE9E591BE74C5200E7E4CB /* JTCalendarAppearance.m in Sources */,
				23C01E611C0201E30002ACCA /* DinnerDao.m in Sources */,
				232D5E231BEB34060026C62E /* InputViewViewController.m in Sources */,
				2347DD7B1C6783A7009ECC4C /* DGElasticPullToRefreshConstants.swift in Sources */,
				23351E0A1C1FA3EA00BB54FB /* DinnerUtility.m in Sources */,
				23AE9E021BE74B5A00E7E4CB /* main.m in Sources */,
				237821BF1C76D676007A2A69 /* SettingCell.swift in Sources */,
				23AE9E581BE74C5200E7E4CB /* JTCalendar.m in Sources */,
				23AE9E621BE74C5200E7E4CB /* JTCircleView.m in Sources */,
				23AE9E5C1BE74C5200E7E4CB /* JTCalendarDayView.m in Sources */,
				23F711C71C0571B300B202B1 /* DinnerObjDao.m in Sources */,
				2347DD731C6781B5009ECC4C /* SearchAndLoadViewController.swift in Sources */,
				2347DD811C6899A1009ECC4C /* OLNGradientView.swift in Sources */,
				235BB65D1C0B302A00398B81 /* DataBaseManager.m in Sources */,
				23AE9E661BE74C6700E7E4CB /* DayBDayViewController.m in Sources */,
				23C01E671C0202990002ACCA /* CheckBoxsDao.m in Sources */,
			);
			runOnlyForDeploymentPostprocessing = 0;
		};
		23AE9E151BE74B5A00E7E4CB /* Sources */ = {
			isa = PBXSourcesBuildPhase;
			buildActionMask = 2147483647;
			files = (
				23AE9E1E1BE74B5A00E7E4CB /* dayBdayTests.m in Sources */,
			);
			runOnlyForDeploymentPostprocessing = 0;
		};
		23AE9E201BE74B5B00E7E4CB /* Sources */ = {
			isa = PBXSourcesBuildPhase;
			buildActionMask = 2147483647;
			files = (
				23AE9E291BE74B5B00E7E4CB /* dayBdayUITests.m in Sources */,
			);
			runOnlyForDeploymentPostprocessing = 0;
		};
/* End PBXSourcesBuildPhase section */

/* Begin PBXTargetDependency section */
		23AE9E1B1BE74B5A00E7E4CB /* PBXTargetDependency */ = {
			isa = PBXTargetDependency;
			target = 23AE9DFC1BE74B5A00E7E4CB /* dayBday */;
			targetProxy = 23AE9E1A1BE74B5A00E7E4CB /* PBXContainerItemProxy */;
		};
		23AE9E261BE74B5B00E7E4CB /* PBXTargetDependency */ = {
			isa = PBXTargetDependency;
			target = 23AE9DFC1BE74B5A00E7E4CB /* dayBday */;
			targetProxy = 23AE9E251BE74B5B00E7E4CB /* PBXContainerItemProxy */;
		};
/* End PBXTargetDependency section */

/* Begin PBXVariantGroup section */
		23AE9E091BE74B5A00E7E4CB /* Main.storyboard */ = {
			isa = PBXVariantGroup;
			children = (
				23AE9E0A1BE74B5A00E7E4CB /* Base */,
			);
			name = Main.storyboard;
			sourceTree = "<group>";
		};
		23AE9E111BE74B5A00E7E4CB /* LaunchScreen.storyboard */ = {
			isa = PBXVariantGroup;
			children = (
				23AE9E121BE74B5A00E7E4CB /* Base */,
			);
			name = LaunchScreen.storyboard;
			sourceTree = "<group>";
		};
/* End PBXVariantGroup section */

/* Begin XCBuildConfiguration section */
		23AE9E2B1BE74B5B00E7E4CB /* Debug */ = {
			isa = XCBuildConfiguration;
			buildSettings = {
				ALWAYS_SEARCH_USER_PATHS = NO;
				CLANG_CXX_LANGUAGE_STANDARD = "gnu++0x";
				CLANG_CXX_LIBRARY = "libc++";
				CLANG_ENABLE_MODULES = YES;
				CLANG_ENABLE_OBJC_ARC = YES;
				CLANG_WARN_BOOL_CONVERSION = YES;
				CLANG_WARN_CONSTANT_CONVERSION = YES;
				CLANG_WARN_DIRECT_OBJC_ISA_USAGE = YES_ERROR;
				CLANG_WARN_EMPTY_BODY = YES;
				CLANG_WARN_ENUM_CONVERSION = YES;
				CLANG_WARN_INT_CONVERSION = YES;
				CLANG_WARN_OBJC_ROOT_CLASS = YES_ERROR;
				CLANG_WARN_UNREACHABLE_CODE = YES;
				CLANG_WARN__DUPLICATE_METHOD_MATCH = YES;
				"CODE_SIGN_IDENTITY[sdk=iphoneos*]" = "iPhone Developer";
				COPY_PHASE_STRIP = NO;
				DEBUG_INFORMATION_FORMAT = dwarf;
				ENABLE_STRICT_OBJC_MSGSEND = YES;
				ENABLE_TESTABILITY = YES;
				GCC_C_LANGUAGE_STANDARD = gnu99;
				GCC_DYNAMIC_NO_PIC = NO;
				GCC_NO_COMMON_BLOCKS = YES;
				GCC_OPTIMIZATION_LEVEL = 0;
				GCC_PREPROCESSOR_DEFINITIONS = (
					"DEBUG=1",
					"$(inherited)",
				);
				GCC_WARN_64_TO_32_BIT_CONVERSION = YES;
				GCC_WARN_ABOUT_RETURN_TYPE = YES_ERROR;
				GCC_WARN_UNDECLARED_SELECTOR = YES;
				GCC_WARN_UNINITIALIZED_AUTOS = YES_AGGRESSIVE;
				GCC_WARN_UNUSED_FUNCTION = YES;
				GCC_WARN_UNUSED_VARIABLE = YES;
				IPHONEOS_DEPLOYMENT_TARGET = 9.1;
				MTL_ENABLE_DEBUG_INFO = YES;
				ONLY_ACTIVE_ARCH = YES;
				SDKROOT = iphoneos;
			};
			name = Debug;
		};
		23AE9E2C1BE74B5B00E7E4CB /* Release */ = {
			isa = XCBuildConfiguration;
			buildSettings = {
				ALWAYS_SEARCH_USER_PATHS = NO;
				CLANG_CXX_LANGUAGE_STANDARD = "gnu++0x";
				CLANG_CXX_LIBRARY = "libc++";
				CLANG_ENABLE_MODULES = YES;
				CLANG_ENABLE_OBJC_ARC = YES;
				CLANG_WARN_BOOL_CONVERSION = YES;
				CLANG_WARN_CONSTANT_CONVERSION = YES;
				CLANG_WARN_DIRECT_OBJC_ISA_USAGE = YES_ERROR;
				CLANG_WARN_EMPTY_BODY = YES;
				CLANG_WARN_ENUM_CONVERSION = YES;
				CLANG_WARN_INT_CONVERSION = YES;
				CLANG_WARN_OBJC_ROOT_CLASS = YES_ERROR;
				CLANG_WARN_UNREACHABLE_CODE = YES;
				CLANG_WARN__DUPLICATE_METHOD_MATCH = YES;
				"CODE_SIGN_IDENTITY[sdk=iphoneos*]" = "iPhone Developer";
				COPY_PHASE_STRIP = NO;
				DEBUG_INFORMATION_FORMAT = "dwarf-with-dsym";
				ENABLE_NS_ASSERTIONS = NO;
				ENABLE_STRICT_OBJC_MSGSEND = YES;
				GCC_C_LANGUAGE_STANDARD = gnu99;
				GCC_NO_COMMON_BLOCKS = YES;
				GCC_WARN_64_TO_32_BIT_CONVERSION = YES;
				GCC_WARN_ABOUT_RETURN_TYPE = YES_ERROR;
				GCC_WARN_UNDECLARED_SELECTOR = YES;
				GCC_WARN_UNINITIALIZED_AUTOS = YES_AGGRESSIVE;
				GCC_WARN_UNUSED_FUNCTION = YES;
				GCC_WARN_UNUSED_VARIABLE = YES;
				IPHONEOS_DEPLOYMENT_TARGET = 9.1;
				MTL_ENABLE_DEBUG_INFO = NO;
				SDKROOT = iphoneos;
				VALIDATE_PRODUCT = YES;
			};
			name = Release;
		};
		23AE9E2E1BE74B5B00E7E4CB /* Debug */ = {
			isa = XCBuildConfiguration;
			buildSettings = {
				ASSETCATALOG_COMPILER_APPICON_NAME = AppIcon;
				CLANG_ENABLE_MODULES = YES;
				CODE_SIGN_IDENTITY = "iPhone Developer";
				"CODE_SIGN_IDENTITY[sdk=iphoneos*]" = "iPhone Developer";
				INFOPLIST_FILE = dayBday/Info.plist;
				IPHONEOS_DEPLOYMENT_TARGET = 8.0;
				LD_RUNPATH_SEARCH_PATHS = "$(inherited) @executable_path/Frameworks";
				PRODUCT_BUNDLE_IDENTIFIER = com.yoseob.dayBday;
				PRODUCT_NAME = "$(TARGET_NAME)";
				PROVISIONING_PROFILE = "";
				SWIFT_OBJC_BRIDGING_HEADER = "dayBday/ViewController/dayBday-Bridging-Header.h";
				SWIFT_OPTIMIZATION_LEVEL = "-Onone";
			};
			name = Debug;
		};
		23AE9E2F1BE74B5B00E7E4CB /* Release */ = {
			isa = XCBuildConfiguration;
			buildSettings = {
				ASSETCATALOG_COMPILER_APPICON_NAME = AppIcon;
				CLANG_ENABLE_MODULES = YES;
				CODE_SIGN_IDENTITY = "iPhone Developer";
				"CODE_SIGN_IDENTITY[sdk=iphoneos*]" = "iPhone Developer";
				INFOPLIST_FILE = dayBday/Info.plist;
				IPHONEOS_DEPLOYMENT_TARGET = 8.0;
				LD_RUNPATH_SEARCH_PATHS = "$(inherited) @executable_path/Frameworks";
				PRODUCT_BUNDLE_IDENTIFIER = com.yoseob.dayBday;
				PRODUCT_NAME = "$(TARGET_NAME)";
				PROVISIONING_PROFILE = "";
				SWIFT_OBJC_BRIDGING_HEADER = "dayBday/ViewController/dayBday-Bridging-Header.h";
			};
			name = Release;
		};
		23AE9E311BE74B5B00E7E4CB /* Debug */ = {
			isa = XCBuildConfiguration;
			buildSettings = {
				BUNDLE_LOADER = "$(TEST_HOST)";
				INFOPLIST_FILE = dayBdayTests/Info.plist;
				LD_RUNPATH_SEARCH_PATHS = "$(inherited) @executable_path/Frameworks @loader_path/Frameworks";
				PRODUCT_BUNDLE_IDENTIFIER = com.yoseob.dayBdayTests;
				PRODUCT_NAME = "$(TARGET_NAME)";
				TEST_HOST = "$(BUILT_PRODUCTS_DIR)/dayBday.app/dayBday";
			};
			name = Debug;
		};
		23AE9E321BE74B5B00E7E4CB /* Release */ = {
			isa = XCBuildConfiguration;
			buildSettings = {
				BUNDLE_LOADER = "$(TEST_HOST)";
				INFOPLIST_FILE = dayBdayTests/Info.plist;
				LD_RUNPATH_SEARCH_PATHS = "$(inherited) @executable_path/Frameworks @loader_path/Frameworks";
				PRODUCT_BUNDLE_IDENTIFIER = com.yoseob.dayBdayTests;
				PRODUCT_NAME = "$(TARGET_NAME)";
				TEST_HOST = "$(BUILT_PRODUCTS_DIR)/dayBday.app/dayBday";
			};
			name = Release;
		};
		23AE9E341BE74B5B00E7E4CB /* Debug */ = {
			isa = XCBuildConfiguration;
			buildSettings = {
				INFOPLIST_FILE = dayBdayUITests/Info.plist;
				LD_RUNPATH_SEARCH_PATHS = "$(inherited) @executable_path/Frameworks @loader_path/Frameworks";
				PRODUCT_BUNDLE_IDENTIFIER = com.yoseob.dayBdayUITests;
				PRODUCT_NAME = "$(TARGET_NAME)";
				TEST_TARGET_NAME = dayBday;
				USES_XCTRUNNER = YES;
			};
			name = Debug;
		};
		23AE9E351BE74B5B00E7E4CB /* Release */ = {
			isa = XCBuildConfiguration;
			buildSettings = {
				INFOPLIST_FILE = dayBdayUITests/Info.plist;
				LD_RUNPATH_SEARCH_PATHS = "$(inherited) @executable_path/Frameworks @loader_path/Frameworks";
				PRODUCT_BUNDLE_IDENTIFIER = com.yoseob.dayBdayUITests;
				PRODUCT_NAME = "$(TARGET_NAME)";
				TEST_TARGET_NAME = dayBday;
				USES_XCTRUNNER = YES;
			};
			name = Release;
		};
/* End XCBuildConfiguration section */

/* Begin XCConfigurationList section */
		23AE9DF81BE74B5A00E7E4CB /* Build configuration list for PBXProject "dayBday" */ = {
			isa = XCConfigurationList;
			buildConfigurations = (
				23AE9E2B1BE74B5B00E7E4CB /* Debug */,
				23AE9E2C1BE74B5B00E7E4CB /* Release */,
			);
			defaultConfigurationIsVisible = 0;
			defaultConfigurationName = Release;
		};
		23AE9E2D1BE74B5B00E7E4CB /* Build configuration list for PBXNativeTarget "dayBday" */ = {
			isa = XCConfigurationList;
			buildConfigurations = (
				23AE9E2E1BE74B5B00E7E4CB /* Debug */,
				23AE9E2F1BE74B5B00E7E4CB /* Release */,
			);
			defaultConfigurationIsVisible = 0;
			defaultConfigurationName = Release;
		};
		23AE9E301BE74B5B00E7E4CB /* Build configuration list for PBXNativeTarget "dayBdayTests" */ = {
			isa = XCConfigurationList;
			buildConfigurations = (
				23AE9E311BE74B5B00E7E4CB /* Debug */,
				23AE9E321BE74B5B00E7E4CB /* Release */,
			);
			defaultConfigurationIsVisible = 0;
			defaultConfigurationName = Release;
		};
		23AE9E331BE74B5B00E7E4CB /* Build configuration list for PBXNativeTarget "dayBdayUITests" */ = {
			isa = XCConfigurationList;
			buildConfigurations = (
				23AE9E341BE74B5B00E7E4CB /* Debug */,
				23AE9E351BE74B5B00E7E4CB /* Release */,
			);
			defaultConfigurationIsVisible = 0;
			defaultConfigurationName = Release;
		};
/* End XCConfigurationList section */

/* Begin XCVersionGroup section */
		23AE9E0C1BE74B5A00E7E4CB /* dayBday.xcdatamodeld */ = {
			isa = XCVersionGroup;
			children = (
				23AE9E0D1BE74B5A00E7E4CB /* dayBday.xcdatamodel */,
			);
			currentVersion = 23AE9E0D1BE74B5A00E7E4CB /* dayBday.xcdatamodel */;
			path = dayBday.xcdatamodeld;
			sourceTree = "<group>";
			versionGroupType = wrapper.xcdatamodel;
		};
/* End XCVersionGroup section */
	};
	rootObject = 23AE9DF51BE74B5A00E7E4CB /* Project object */;
}
